{
    "_readme": [
        "This file locks the dependencies of your project to a known state",
        "Read more about it at https://getcomposer.org/doc/01-basic-usage.md#installing-dependencies",
        "This file is @generated automatically"
    ],
    "content-hash": "3ed375f99e6644275fcad2811964ffde",
    "packages": [
        {
            "name": "lotofbadcode/phpextend",
            "version": "dev-develop",
            "source": {
                "type": "git",
                "url": "https://github.com/lotofbadcode/phpextend.git",
                "reference": "c84d3d9728c0f384795dac90154f81b85fbb54f5"
            },
            "dist": {
                "type": "zip",
                "url": "https://api.github.com/repos/lotofbadcode/phpextend/zipball/c84d3d9728c0f384795dac90154f81b85fbb54f5",
                "reference": "c84d3d9728c0f384795dac90154f81b85fbb54f5",
                "shasum": "",
                "mirrors": [
                    {
                        "url": "https://mirrors.aliyun.com/composer/dists/%package%/%reference%.%type%",
                        "preferred": true
                    }
                ]
            },
            "require": {
                "php": ">=5.4.0"
            },
            "type": "library",
            "autoload": {
                "psr-4": {
                    "lotofbadcode\\phpextend\\": ""
                }
            },
            "notification-url": "https://packagist.org/downloads/",
            "license": [
                "Apache-2.0"
            ],
            "authors": [
                {
                    "name": "代码庸医",
                    "email": "3359964266@qq.com"
                }
            ],
            "description": "php library",
            "keywords": [
                "library",
                "php"
            ],
            "time": "2019-09-02T13:07:55+00:00"
        }
    ],
    "packages-dev": [],
    "aliases": [],
    "minimum-stability": "stable",
    "stability-flags": {
        "lotofbadcode/phpextend": 20
    },
    "prefer-stable": false,
    "prefer-lowest": false,
    "platform": [],
    "platform-dev": []
}
